
Microsoft Visual Studio Solution File, Format Version 12.00
# Visual Studio Version 17
VisualStudioVersion = 17.3.32929.385
MinimumVisualStudioVersion = 10.0.40219.1
Project("{FAE04EC0-301F-11D3-BF4B-00C04F79EFBC}") = "MinApiCore", "MinApiCore\MinApiCore.csproj", "{320FA608-B3A6-4B8E-83A0-C7F30B00A7DE}"
EndProject
Global
	GlobalSection(SolutionConfigurationPlatforms) = preSolution
		Debug|Any CPU = Debug|Any CPU
		Release|Any CPU = Release|Any CPU
	EndGlobalSection
	GlobalSection(ProjectConfigurationPlatforms) = postSolution
		{320FA608-B3A6-4B8E-83A0-C7F30B00A7DE}.Debug|Any CPU.ActiveCfg = Debug|Any CPU
		{320FA608-B3A6-4B8E-83A0-C7F30B00A7DE}.Debug|Any CPU.Build.0 = Debug|Any CPU
		{320FA608-B3A6-4B8E-83A0-C7F30B00A7DE}.Release|Any CPU.ActiveCfg = Release|Any CPU
		{320FA608-B3A6-4B8E-83A0-C7F30B00A7DE}.Release|Any CPU.Build.0 = Release|Any CPU
	EndGlobalSection
	GlobalSection(SolutionProperties) = preSolution
		HideSolutionNode = FALSE
	EndGlobalSection
	GlobalSection(ExtensibilityGlobals) = postSolution
		SolutionGuid = {D47E3B01-042D-4CF5-B9F1-7B33F1AFEF7D}
	EndGlobalSection
EndGlobal
